{
	"name": "esphome-webserver",
	"lockfileVersion": 2,
	"requires": true,
	"packages": {
		"": {
			"dependencies": {
				"@wmrjs/nomodule": "^0.2.0",
				"preact": "^10.5.15",
				"preact-iso": "^2.3.0"
			},
			"devDependencies": {
				"wmr": "^3.7.2"
			}
		},
		"node_modules/@babel/standalone": {
			"version": "7.15.8",
			"resolved": "https://registry.npmjs.org/@babel/standalone/-/standalone-7.15.8.tgz",
			"integrity": "sha512-EF2uQLeuwflnPRGetWH2Z400ITOSK7YbkXIKxY91EWSiOJ8xsbupT3sx3sFRwVyQgjsHSILFDzLcSo/rGspLhQ==",
			"engines": {
				"node": ">=6.9.0"
			}
		},
		"node_modules/@wmrjs/nomodule": {
			"version": "0.2.0",
			"resolved": "https://registry.npmjs.org/@wmrjs/nomodule/-/nomodule-0.2.0.tgz",
			"integrity": "sha512-rdW8S5r6b361T6WCb6ed6OMVxfjzxf13USSvZTIO4D/L+OfNhIb3o/NJYtwWW6wWIJ0C9DcbLVI+60U2P1OE0A==",
			"dependencies": {
				"@babel/standalone": "^7.11.6"
			}
		},
		"node_modules/fsevents": {
			"version": "2.3.2",
			"resolved": "https://registry.npmjs.org/fsevents/-/fsevents-2.3.2.tgz",
			"integrity": "sha512-xiqMQR4xAeHTuB9uWm+fFRcIOgKBMiOBP+eXiyT7jsgVCq1bkVygt00oASowB7EdtpOHaaPgKt812P9ab+DDKA==",
			"dev": true,
			"hasInstallScript": true,
			"optional": true,
			"os": [
				"darwin"
			],
			"engines": {
				"node": "^8.16.0 || ^10.6.0 || >=11.0.0"
			}
		},
		"node_modules/preact": {
			"version": "10.5.15",
			"resolved": "https://registry.npmjs.org/preact/-/preact-10.5.15.tgz",
			"integrity": "sha512-5chK29n6QcJc3m1lVrKQSQ+V7K1Gb8HeQY6FViQ5AxCAEGu3DaHffWNDkC9+miZgsLvbvU9rxbV1qinGHMHzqA==",
			"funding": {
				"type": "opencollective",
				"url": "https://opencollective.com/preact"
			}
		},
		"node_modules/preact-iso": {
			"version": "2.3.0",
			"resolved": "https://registry.npmjs.org/preact-iso/-/preact-iso-2.3.0.tgz",
			"integrity": "sha512-taJmRidbWrjHEhoVoxXS2Kvxa6X3jXSsTtD7rSYeJuxnPNr1ghCu1JUzCrRxmZwTUNWIqwUpNi+AJoLtvCPN7g==",
			"peerDependencies": {
				"preact": ">=10",
				"preact-render-to-string": ">=5"
			}
		},
		"node_modules/preact-render-to-string": {
			"version": "5.1.19",
			"resolved": "https://registry.npmjs.org/preact-render-to-string/-/preact-render-to-string-5.1.19.tgz",
			"integrity": "sha512-bj8sn/oytIKO6RtOGSS/1+5CrQyRSC99eLUnEVbqUa6MzJX5dYh7wu9bmT0d6lm/Vea21k9KhCQwvr2sYN3rrQ==",
			"peer": true,
			"dependencies": {
				"pretty-format": "^3.8.0"
			},
			"peerDependencies": {
				"preact": ">=10"
			}
		},
		"node_modules/pretty-format": {
			"version": "3.8.0",
			"resolved": "https://registry.npmjs.org/pretty-format/-/pretty-format-3.8.0.tgz",
			"integrity": "sha1-v77VbV6ad2ZF9LH/eqGjrE+jw4U=",
			"peer": true
		},
		"node_modules/wmr": {
			"version": "3.7.2",
			"resolved": "https://registry.npmjs.org/wmr/-/wmr-3.7.2.tgz",
			"integrity": "sha512-i+e/T8J067qP2pBgq6E2gaW9qMGK+D9eGue85YM0Vflc2UuzXBP3fSS5PzvyHEKuPHZWmcFBmZRs6DU9Lkr9og==",
			"dev": true,
			"bin": {
				"wmr": "wmr.cjs"
			},
			"engines": {
				"node": ">=12.17.x"
			},
			"optionalDependencies": {
				"fsevents": "^2.1.3"
			}
		}
	},
	"dependencies": {
		"@babel/standalone": {
			"version": "7.15.8",
			"resolved": "https://registry.npmjs.org/@babel/standalone/-/standalone-7.15.8.tgz",
			"integrity": "sha512-EF2uQLeuwflnPRGetWH2Z400ITOSK7YbkXIKxY91EWSiOJ8xsbupT3sx3sFRwVyQgjsHSILFDzLcSo/rGspLhQ=="
		},
		"@wmrjs/nomodule": {
			"version": "0.2.0",
			"resolved": "https://registry.npmjs.org/@wmrjs/nomodule/-/nomodule-0.2.0.tgz",
			"integrity": "sha512-rdW8S5r6b361T6WCb6ed6OMVxfjzxf13USSvZTIO4D/L+OfNhIb3o/NJYtwWW6wWIJ0C9DcbLVI+60U2P1OE0A==",
			"requires": {
				"@babel/standalone": "^7.11.6"
			}
		},
		"fsevents": {
			"version": "2.3.2",
			"resolved": "https://registry.npmjs.org/fsevents/-/fsevents-2.3.2.tgz",
			"integrity": "sha512-xiqMQR4xAeHTuB9uWm+fFRcIOgKBMiOBP+eXiyT7jsgVCq1bkVygt00oASowB7EdtpOHaaPgKt812P9ab+DDKA==",
			"dev": true,
			"optional": true
		},
		"preact": {
			"version": "10.5.15",
			"resolved": "https://registry.npmjs.org/preact/-/preact-10.5.15.tgz",
			"integrity": "sha512-5chK29n6QcJc3m1lVrKQSQ+V7K1Gb8HeQY6FViQ5AxCAEGu3DaHffWNDkC9+miZgsLvbvU9rxbV1qinGHMHzqA=="
		},
		"preact-iso": {
			"version": "2.3.0",
			"resolved": "https://registry.npmjs.org/preact-iso/-/preact-iso-2.3.0.tgz",
			"integrity": "sha512-taJmRidbWrjHEhoVoxXS2Kvxa6X3jXSsTtD7rSYeJuxnPNr1ghCu1JUzCrRxmZwTUNWIqwUpNi+AJoLtvCPN7g==",
			"requires": {}
		},
		"preact-render-to-string": {
			"version": "5.1.19",
			"resolved": "https://registry.npmjs.org/preact-render-to-string/-/preact-render-to-string-5.1.19.tgz",
			"integrity": "sha512-bj8sn/oytIKO6RtOGSS/1+5CrQyRSC99eLUnEVbqUa6MzJX5dYh7wu9bmT0d6lm/Vea21k9KhCQwvr2sYN3rrQ==",
			"peer": true,
			"requires": {
				"pretty-format": "^3.8.0"
			}
		},
		"pretty-format": {
			"version": "3.8.0",
			"resolved": "https://registry.npmjs.org/pretty-format/-/pretty-format-3.8.0.tgz",
			"integrity": "sha1-v77VbV6ad2ZF9LH/eqGjrE+jw4U=",
			"peer": true
		},
		"wmr": {
			"version": "3.7.2",
			"resolved": "https://registry.npmjs.org/wmr/-/wmr-3.7.2.tgz",
			"integrity": "sha512-i+e/T8J067qP2pBgq6E2gaW9qMGK+D9eGue85YM0Vflc2UuzXBP3fSS5PzvyHEKuPHZWmcFBmZRs6DU9Lkr9og==",
			"dev": true,
			"requires": {
				"fsevents": "^2.1.3"
			}
		}
	}
}
