{
	"name": "esphome-webserver",
	"lockfileVersion": 2,
	"requires": true,
	"packages": {
		"": {
			"dependencies": {
				"@wmrjs/nomodule": "^0.2.0",
				"http-proxy-middleware": "^2.0.1",
				"preact": "^10.5.15",
				"preact-iso": "^2.3.0",
				"rollup-plugin-zip": "^1.0.3"
			},
			"devDependencies": {
				"wmr": "^3.7.2"
			}
		},
		"node_modules/@babel/standalone": {
			"version": "7.15.8",
			"resolved": "https://registry.npmjs.org/@babel/standalone/-/standalone-7.15.8.tgz",
			"integrity": "sha512-EF2uQLeuwflnPRGetWH2Z400ITOSK7YbkXIKxY91EWSiOJ8xsbupT3sx3sFRwVyQgjsHSILFDzLcSo/rGspLhQ==",
			"engines": {
				"node": ">=6.9.0"
			}
		},
		"node_modules/@types/http-proxy": {
			"version": "1.17.7",
			"resolved": "https://registry.npmjs.org/@types/http-proxy/-/http-proxy-1.17.7.tgz",
			"integrity": "sha512-9hdj6iXH64tHSLTY+Vt2eYOGzSogC+JQ2H7bdPWkuh7KXP5qLllWx++t+K9Wk556c3dkDdPws/SpMRi0sdCT1w==",
			"dependencies": {
				"@types/node": "*"
			}
		},
		"node_modules/@types/node": {
			"version": "16.11.4",
			"resolved": "https://registry.npmjs.org/@types/node/-/node-16.11.4.tgz",
			"integrity": "sha512-TMgXmy0v2xWyuCSCJM6NCna2snndD8yvQF67J29ipdzMcsPa9u+o0tjF5+EQNdhcuZplYuouYqpc4zcd5I6amQ=="
		},
		"node_modules/@wmrjs/nomodule": {
			"version": "0.2.0",
			"resolved": "https://registry.npmjs.org/@wmrjs/nomodule/-/nomodule-0.2.0.tgz",
			"integrity": "sha512-rdW8S5r6b361T6WCb6ed6OMVxfjzxf13USSvZTIO4D/L+OfNhIb3o/NJYtwWW6wWIJ0C9DcbLVI+60U2P1OE0A==",
			"dependencies": {
				"@babel/standalone": "^7.11.6"
			}
		},
		"node_modules/braces": {
			"version": "3.0.2",
			"resolved": "https://registry.npmjs.org/braces/-/braces-3.0.2.tgz",
			"integrity": "sha512-b8um+L1RzM3WDSzvhm6gIz1yfTbBt6YTlcEKAvsmqCZZFw46z626lVj9j1yEPW33H5H+lBQpZMP1k8l+78Ha0A==",
			"dependencies": {
				"fill-range": "^7.0.1"
			},
			"engines": {
				"node": ">=8"
			}
		},
		"node_modules/buffer-crc32": {
			"version": "0.2.13",
			"resolved": "https://registry.npmjs.org/buffer-crc32/-/buffer-crc32-0.2.13.tgz",
			"integrity": "sha1-DTM+PwDqxQqhRUq9MO+MKl2ackI=",
			"engines": {
				"node": "*"
			}
		},
		"node_modules/eventemitter3": {
			"version": "4.0.7",
			"resolved": "https://registry.npmjs.org/eventemitter3/-/eventemitter3-4.0.7.tgz",
			"integrity": "sha512-8guHBZCwKnFhYdHr2ysuRWErTwhoN2X8XELRlrRwpmfeY2jjuUN4taQMsULKUVo1K4DvZl+0pgfyoysHxvmvEw=="
		},
		"node_modules/fill-range": {
			"version": "7.0.1",
			"resolved": "https://registry.npmjs.org/fill-range/-/fill-range-7.0.1.tgz",
			"integrity": "sha512-qOo9F+dMUmC2Lcb4BbVvnKJxTPjCm+RRpe4gDuGrzkL7mEVl/djYSu2OdQ2Pa302N4oqkSg9ir6jaLWJ2USVpQ==",
			"dependencies": {
				"to-regex-range": "^5.0.1"
			},
			"engines": {
				"node": ">=8"
			}
		},
		"node_modules/follow-redirects": {
			"version": "1.14.4",
			"resolved": "https://registry.npmjs.org/follow-redirects/-/follow-redirects-1.14.4.tgz",
			"integrity": "sha512-zwGkiSXC1MUJG/qmeIFH2HBJx9u0V46QGUe3YR1fXG8bXQxq7fLj0RjLZQ5nubr9qNJUZrH+xUcwXEoXNpfS+g==",
			"funding": [
				{
					"type": "individual",
					"url": "https://github.com/sponsors/RubenVerborgh"
				}
			],
			"engines": {
				"node": ">=4.0"
			},
			"peerDependenciesMeta": {
				"debug": {
					"optional": true
				}
			}
		},
		"node_modules/fsevents": {
			"version": "2.3.2",
			"resolved": "https://registry.npmjs.org/fsevents/-/fsevents-2.3.2.tgz",
			"integrity": "sha512-xiqMQR4xAeHTuB9uWm+fFRcIOgKBMiOBP+eXiyT7jsgVCq1bkVygt00oASowB7EdtpOHaaPgKt812P9ab+DDKA==",
			"hasInstallScript": true,
			"optional": true,
			"os": [
				"darwin"
			],
			"engines": {
				"node": "^8.16.0 || ^10.6.0 || >=11.0.0"
			}
		},
		"node_modules/http-proxy": {
			"version": "1.18.1",
			"resolved": "https://registry.npmjs.org/http-proxy/-/http-proxy-1.18.1.tgz",
			"integrity": "sha512-7mz/721AbnJwIVbnaSv1Cz3Am0ZLT/UBwkC92VlxhXv/k/BBQfM2fXElQNC27BVGr0uwUpplYPQM9LnaBMR5NQ==",
			"dependencies": {
				"eventemitter3": "^4.0.0",
				"follow-redirects": "^1.0.0",
				"requires-port": "^1.0.0"
			},
			"engines": {
				"node": ">=8.0.0"
			}
		},
		"node_modules/http-proxy-middleware": {
			"version": "2.0.1",
			"resolved": "https://registry.npmjs.org/http-proxy-middleware/-/http-proxy-middleware-2.0.1.tgz",
			"integrity": "sha512-cfaXRVoZxSed/BmkA7SwBVNI9Kj7HFltaE5rqYOub5kWzWZ+gofV2koVN1j2rMW7pEfSSlCHGJ31xmuyFyfLOg==",
			"dependencies": {
				"@types/http-proxy": "^1.17.5",
				"http-proxy": "^1.18.1",
				"is-glob": "^4.0.1",
				"is-plain-obj": "^3.0.0",
				"micromatch": "^4.0.2"
			},
			"engines": {
				"node": ">=12.0.0"
			}
		},
		"node_modules/is-extglob": {
			"version": "2.1.1",
			"resolved": "https://registry.npmjs.org/is-extglob/-/is-extglob-2.1.1.tgz",
			"integrity": "sha1-qIwCU1eR8C7TfHahueqXc8gz+MI=",
			"engines": {
				"node": ">=0.10.0"
			}
		},
		"node_modules/is-glob": {
			"version": "4.0.3",
			"resolved": "https://registry.npmjs.org/is-glob/-/is-glob-4.0.3.tgz",
			"integrity": "sha512-xelSayHH36ZgE7ZWhli7pW34hNbNl8Ojv5KVmkJD4hBdD3th8Tfk9vYasLM+mXWOZhFkgZfxhLSnrwRr4elSSg==",
			"dependencies": {
				"is-extglob": "^2.1.1"
			},
			"engines": {
				"node": ">=0.10.0"
			}
		},
		"node_modules/is-number": {
			"version": "7.0.0",
			"resolved": "https://registry.npmjs.org/is-number/-/is-number-7.0.0.tgz",
			"integrity": "sha512-41Cifkg6e8TylSpdtTpeLVMqvSBEVzTttHvERD741+pnZ8ANv0004MRL43QKPDlK9cGvNp6NZWZUBlbGXYxxng==",
			"engines": {
				"node": ">=0.12.0"
			}
		},
		"node_modules/is-plain-obj": {
			"version": "3.0.0",
			"resolved": "https://registry.npmjs.org/is-plain-obj/-/is-plain-obj-3.0.0.tgz",
			"integrity": "sha512-gwsOE28k+23GP1B6vFl1oVh/WOzmawBrKwo5Ev6wMKzPkaXaCDIQKzLnvsA42DRlbVTWorkgTKIviAKCWkfUwA==",
			"engines": {
				"node": ">=10"
			},
			"funding": {
				"url": "https://github.com/sponsors/sindresorhus"
			}
		},
		"node_modules/micromatch": {
			"version": "4.0.4",
			"resolved": "https://registry.npmjs.org/micromatch/-/micromatch-4.0.4.tgz",
			"integrity": "sha512-pRmzw/XUcwXGpD9aI9q/0XOwLNygjETJ8y0ao0wdqprrzDa4YnxLcz7fQRZr8voh8V10kGhABbNcHVk5wHgWwg==",
			"dependencies": {
				"braces": "^3.0.1",
				"picomatch": "^2.2.3"
			},
			"engines": {
				"node": ">=8.6"
			}
		},
		"node_modules/picomatch": {
			"version": "2.3.0",
			"resolved": "https://registry.npmjs.org/picomatch/-/picomatch-2.3.0.tgz",
			"integrity": "sha512-lY1Q/PiJGC2zOv/z391WOTD+Z02bCgsFfvxoXXf6h7kv9o+WmsmzYqrAwY63sNgOxE4xEdq0WyUnXfKeBrSvYw==",
			"engines": {
				"node": ">=8.6"
			},
			"funding": {
				"url": "https://github.com/sponsors/jonschlinkert"
			}
		},
		"node_modules/preact": {
			"version": "10.5.15",
			"resolved": "https://registry.npmjs.org/preact/-/preact-10.5.15.tgz",
			"integrity": "sha512-5chK29n6QcJc3m1lVrKQSQ+V7K1Gb8HeQY6FViQ5AxCAEGu3DaHffWNDkC9+miZgsLvbvU9rxbV1qinGHMHzqA==",
			"funding": {
				"type": "opencollective",
				"url": "https://opencollective.com/preact"
			}
		},
		"node_modules/preact-iso": {
			"version": "2.3.0",
			"resolved": "https://registry.npmjs.org/preact-iso/-/preact-iso-2.3.0.tgz",
			"integrity": "sha512-taJmRidbWrjHEhoVoxXS2Kvxa6X3jXSsTtD7rSYeJuxnPNr1ghCu1JUzCrRxmZwTUNWIqwUpNi+AJoLtvCPN7g==",
			"peerDependencies": {
				"preact": ">=10",
				"preact-render-to-string": ">=5"
			}
		},
		"node_modules/preact-render-to-string": {
			"version": "5.1.19",
			"resolved": "https://registry.npmjs.org/preact-render-to-string/-/preact-render-to-string-5.1.19.tgz",
			"integrity": "sha512-bj8sn/oytIKO6RtOGSS/1+5CrQyRSC99eLUnEVbqUa6MzJX5dYh7wu9bmT0d6lm/Vea21k9KhCQwvr2sYN3rrQ==",
			"peer": true,
			"dependencies": {
				"pretty-format": "^3.8.0"
			},
			"peerDependencies": {
				"preact": ">=10"
			}
		},
		"node_modules/pretty-format": {
			"version": "3.8.0",
			"resolved": "https://registry.npmjs.org/pretty-format/-/pretty-format-3.8.0.tgz",
			"integrity": "sha1-v77VbV6ad2ZF9LH/eqGjrE+jw4U=",
			"peer": true
		},
		"node_modules/requires-port": {
			"version": "1.0.0",
			"resolved": "https://registry.npmjs.org/requires-port/-/requires-port-1.0.0.tgz",
			"integrity": "sha1-kl0mAdOaxIXgkc8NpcbmlNw9yv8="
		},
		"node_modules/rollup": {
			"version": "2.58.0",
			"resolved": "https://registry.npmjs.org/rollup/-/rollup-2.58.0.tgz",
			"integrity": "sha512-NOXpusKnaRpbS7ZVSzcEXqxcLDOagN6iFS8p45RkoiMqPHDLwJm758UF05KlMoCRbLBTZsPOIa887gZJ1AiXvw==",
			"peer": true,
			"bin": {
				"rollup": "dist/bin/rollup"
			},
			"engines": {
				"node": ">=10.0.0"
			},
			"optionalDependencies": {
				"fsevents": "~2.3.2"
			}
		},
		"node_modules/rollup-plugin-zip": {
			"version": "1.0.3",
			"resolved": "https://registry.npmjs.org/rollup-plugin-zip/-/rollup-plugin-zip-1.0.3.tgz",
			"integrity": "sha512-HTF9I4VjJnDVXd37P/POZPi8p5Luq4mP7A3Lbaxk3wPxRg8DXbxLHDlWxP9X3I1wYYgbT+xHuw8WEwb8RKwpQw==",
			"dependencies": {
				"yazl": "^2.5.1"
			},
			"peerDependencies": {
				"rollup": ">=2.0.2"
			}
		},
		"node_modules/to-regex-range": {
			"version": "5.0.1",
			"resolved": "https://registry.npmjs.org/to-regex-range/-/to-regex-range-5.0.1.tgz",
			"integrity": "sha512-65P7iz6X5yEr1cwcgvQxbbIw7Uk3gOy5dIdtZ4rDveLqhrdJP+Li/Hx6tyK0NEb+2GCyneCMJiGqrADCSNk8sQ==",
			"dependencies": {
				"is-number": "^7.0.0"
			},
			"engines": {
				"node": ">=8.0"
			}
		},
		"node_modules/wmr": {
			"version": "3.7.2",
			"resolved": "https://registry.npmjs.org/wmr/-/wmr-3.7.2.tgz",
			"integrity": "sha512-i+e/T8J067qP2pBgq6E2gaW9qMGK+D9eGue85YM0Vflc2UuzXBP3fSS5PzvyHEKuPHZWmcFBmZRs6DU9Lkr9og==",
			"dev": true,
			"bin": {
				"wmr": "wmr.cjs"
			},
			"engines": {
				"node": ">=12.17.x"
			},
			"optionalDependencies": {
				"fsevents": "^2.1.3"
			}
		},
		"node_modules/yazl": {
			"version": "2.5.1",
			"resolved": "https://registry.npmjs.org/yazl/-/yazl-2.5.1.tgz",
			"integrity": "sha512-phENi2PLiHnHb6QBVot+dJnaAZ0xosj7p3fWl+znIjBDlnMI2PsZCJZ306BPTFOaHf5qdDEI8x5qFrSOBN5vrw==",
			"dependencies": {
				"buffer-crc32": "~0.2.3"
			}
		}
	},
	"dependencies": {
		"@babel/standalone": {
			"version": "7.15.8",
			"resolved": "https://registry.npmjs.org/@babel/standalone/-/standalone-7.15.8.tgz",
			"integrity": "sha512-EF2uQLeuwflnPRGetWH2Z400ITOSK7YbkXIKxY91EWSiOJ8xsbupT3sx3sFRwVyQgjsHSILFDzLcSo/rGspLhQ=="
		},
		"@types/http-proxy": {
			"version": "1.17.7",
			"resolved": "https://registry.npmjs.org/@types/http-proxy/-/http-proxy-1.17.7.tgz",
			"integrity": "sha512-9hdj6iXH64tHSLTY+Vt2eYOGzSogC+JQ2H7bdPWkuh7KXP5qLllWx++t+K9Wk556c3dkDdPws/SpMRi0sdCT1w==",
			"requires": {
				"@types/node": "*"
			}
		},
		"@types/node": {
			"version": "16.11.4",
			"resolved": "https://registry.npmjs.org/@types/node/-/node-16.11.4.tgz",
			"integrity": "sha512-TMgXmy0v2xWyuCSCJM6NCna2snndD8yvQF67J29ipdzMcsPa9u+o0tjF5+EQNdhcuZplYuouYqpc4zcd5I6amQ=="
		},
		"@wmrjs/nomodule": {
			"version": "0.2.0",
			"resolved": "https://registry.npmjs.org/@wmrjs/nomodule/-/nomodule-0.2.0.tgz",
			"integrity": "sha512-rdW8S5r6b361T6WCb6ed6OMVxfjzxf13USSvZTIO4D/L+OfNhIb3o/NJYtwWW6wWIJ0C9DcbLVI+60U2P1OE0A==",
			"requires": {
				"@babel/standalone": "^7.11.6"
			}
		},
		"braces": {
			"version": "3.0.2",
			"resolved": "https://registry.npmjs.org/braces/-/braces-3.0.2.tgz",
			"integrity": "sha512-b8um+L1RzM3WDSzvhm6gIz1yfTbBt6YTlcEKAvsmqCZZFw46z626lVj9j1yEPW33H5H+lBQpZMP1k8l+78Ha0A==",
			"requires": {
				"fill-range": "^7.0.1"
			}
		},
		"buffer-crc32": {
			"version": "0.2.13",
			"resolved": "https://registry.npmjs.org/buffer-crc32/-/buffer-crc32-0.2.13.tgz",
			"integrity": "sha1-DTM+PwDqxQqhRUq9MO+MKl2ackI="
		},
		"eventemitter3": {
			"version": "4.0.7",
			"resolved": "https://registry.npmjs.org/eventemitter3/-/eventemitter3-4.0.7.tgz",
			"integrity": "sha512-8guHBZCwKnFhYdHr2ysuRWErTwhoN2X8XELRlrRwpmfeY2jjuUN4taQMsULKUVo1K4DvZl+0pgfyoysHxvmvEw=="
		},
		"fill-range": {
			"version": "7.0.1",
			"resolved": "https://registry.npmjs.org/fill-range/-/fill-range-7.0.1.tgz",
			"integrity": "sha512-qOo9F+dMUmC2Lcb4BbVvnKJxTPjCm+RRpe4gDuGrzkL7mEVl/djYSu2OdQ2Pa302N4oqkSg9ir6jaLWJ2USVpQ==",
			"requires": {
				"to-regex-range": "^5.0.1"
			}
		},
		"follow-redirects": {
			"version": "1.14.4",
			"resolved": "https://registry.npmjs.org/follow-redirects/-/follow-redirects-1.14.4.tgz",
			"integrity": "sha512-zwGkiSXC1MUJG/qmeIFH2HBJx9u0V46QGUe3YR1fXG8bXQxq7fLj0RjLZQ5nubr9qNJUZrH+xUcwXEoXNpfS+g=="
		},
		"fsevents": {
			"version": "2.3.2",
			"resolved": "https://registry.npmjs.org/fsevents/-/fsevents-2.3.2.tgz",
			"integrity": "sha512-xiqMQR4xAeHTuB9uWm+fFRcIOgKBMiOBP+eXiyT7jsgVCq1bkVygt00oASowB7EdtpOHaaPgKt812P9ab+DDKA==",
			"optional": true
		},
		"http-proxy": {
			"version": "1.18.1",
			"resolved": "https://registry.npmjs.org/http-proxy/-/http-proxy-1.18.1.tgz",
			"integrity": "sha512-7mz/721AbnJwIVbnaSv1Cz3Am0ZLT/UBwkC92VlxhXv/k/BBQfM2fXElQNC27BVGr0uwUpplYPQM9LnaBMR5NQ==",
			"requires": {
				"eventemitter3": "^4.0.0",
				"follow-redirects": "^1.0.0",
				"requires-port": "^1.0.0"
			}
		},
		"http-proxy-middleware": {
			"version": "2.0.1",
			"resolved": "https://registry.npmjs.org/http-proxy-middleware/-/http-proxy-middleware-2.0.1.tgz",
			"integrity": "sha512-cfaXRVoZxSed/BmkA7SwBVNI9Kj7HFltaE5rqYOub5kWzWZ+gofV2koVN1j2rMW7pEfSSlCHGJ31xmuyFyfLOg==",
			"requires": {
				"@types/http-proxy": "^1.17.5",
				"http-proxy": "^1.18.1",
				"is-glob": "^4.0.1",
				"is-plain-obj": "^3.0.0",
				"micromatch": "^4.0.2"
			}
		},
		"is-extglob": {
			"version": "2.1.1",
			"resolved": "https://registry.npmjs.org/is-extglob/-/is-extglob-2.1.1.tgz",
			"integrity": "sha1-qIwCU1eR8C7TfHahueqXc8gz+MI="
		},
		"is-glob": {
			"version": "4.0.3",
			"resolved": "https://registry.npmjs.org/is-glob/-/is-glob-4.0.3.tgz",
			"integrity": "sha512-xelSayHH36ZgE7ZWhli7pW34hNbNl8Ojv5KVmkJD4hBdD3th8Tfk9vYasLM+mXWOZhFkgZfxhLSnrwRr4elSSg==",
			"requires": {
				"is-extglob": "^2.1.1"
			}
		},
		"is-number": {
			"version": "7.0.0",
			"resolved": "https://registry.npmjs.org/is-number/-/is-number-7.0.0.tgz",
			"integrity": "sha512-41Cifkg6e8TylSpdtTpeLVMqvSBEVzTttHvERD741+pnZ8ANv0004MRL43QKPDlK9cGvNp6NZWZUBlbGXYxxng=="
		},
		"is-plain-obj": {
			"version": "3.0.0",
			"resolved": "https://registry.npmjs.org/is-plain-obj/-/is-plain-obj-3.0.0.tgz",
			"integrity": "sha512-gwsOE28k+23GP1B6vFl1oVh/WOzmawBrKwo5Ev6wMKzPkaXaCDIQKzLnvsA42DRlbVTWorkgTKIviAKCWkfUwA=="
		},
		"micromatch": {
			"version": "4.0.4",
			"resolved": "https://registry.npmjs.org/micromatch/-/micromatch-4.0.4.tgz",
			"integrity": "sha512-pRmzw/XUcwXGpD9aI9q/0XOwLNygjETJ8y0ao0wdqprrzDa4YnxLcz7fQRZr8voh8V10kGhABbNcHVk5wHgWwg==",
			"requires": {
				"braces": "^3.0.1",
				"picomatch": "^2.2.3"
			}
		},
		"picomatch": {
			"version": "2.3.0",
			"resolved": "https://registry.npmjs.org/picomatch/-/picomatch-2.3.0.tgz",
			"integrity": "sha512-lY1Q/PiJGC2zOv/z391WOTD+Z02bCgsFfvxoXXf6h7kv9o+WmsmzYqrAwY63sNgOxE4xEdq0WyUnXfKeBrSvYw=="
		},
		"preact": {
			"version": "10.5.15",
			"resolved": "https://registry.npmjs.org/preact/-/preact-10.5.15.tgz",
			"integrity": "sha512-5chK29n6QcJc3m1lVrKQSQ+V7K1Gb8HeQY6FViQ5AxCAEGu3DaHffWNDkC9+miZgsLvbvU9rxbV1qinGHMHzqA=="
		},
		"preact-iso": {
			"version": "2.3.0",
			"resolved": "https://registry.npmjs.org/preact-iso/-/preact-iso-2.3.0.tgz",
			"integrity": "sha512-taJmRidbWrjHEhoVoxXS2Kvxa6X3jXSsTtD7rSYeJuxnPNr1ghCu1JUzCrRxmZwTUNWIqwUpNi+AJoLtvCPN7g==",
			"requires": {}
		},
		"preact-render-to-string": {
			"version": "5.1.19",
			"resolved": "https://registry.npmjs.org/preact-render-to-string/-/preact-render-to-string-5.1.19.tgz",
			"integrity": "sha512-bj8sn/oytIKO6RtOGSS/1+5CrQyRSC99eLUnEVbqUa6MzJX5dYh7wu9bmT0d6lm/Vea21k9KhCQwvr2sYN3rrQ==",
			"peer": true,
			"requires": {
				"pretty-format": "^3.8.0"
			}
		},
		"pretty-format": {
			"version": "3.8.0",
			"resolved": "https://registry.npmjs.org/pretty-format/-/pretty-format-3.8.0.tgz",
			"integrity": "sha1-v77VbV6ad2ZF9LH/eqGjrE+jw4U=",
			"peer": true
		},
		"requires-port": {
			"version": "1.0.0",
			"resolved": "https://registry.npmjs.org/requires-port/-/requires-port-1.0.0.tgz",
			"integrity": "sha1-kl0mAdOaxIXgkc8NpcbmlNw9yv8="
		},
		"rollup": {
			"version": "2.58.0",
			"resolved": "https://registry.npmjs.org/rollup/-/rollup-2.58.0.tgz",
			"integrity": "sha512-NOXpusKnaRpbS7ZVSzcEXqxcLDOagN6iFS8p45RkoiMqPHDLwJm758UF05KlMoCRbLBTZsPOIa887gZJ1AiXvw==",
			"peer": true,
			"requires": {
				"fsevents": "~2.3.2"
			}
		},
		"rollup-plugin-zip": {
			"version": "1.0.3",
			"resolved": "https://registry.npmjs.org/rollup-plugin-zip/-/rollup-plugin-zip-1.0.3.tgz",
			"integrity": "sha512-HTF9I4VjJnDVXd37P/POZPi8p5Luq4mP7A3Lbaxk3wPxRg8DXbxLHDlWxP9X3I1wYYgbT+xHuw8WEwb8RKwpQw==",
			"requires": {
				"yazl": "^2.5.1"
			}
		},
		"to-regex-range": {
			"version": "5.0.1",
			"resolved": "https://registry.npmjs.org/to-regex-range/-/to-regex-range-5.0.1.tgz",
			"integrity": "sha512-65P7iz6X5yEr1cwcgvQxbbIw7Uk3gOy5dIdtZ4rDveLqhrdJP+Li/Hx6tyK0NEb+2GCyneCMJiGqrADCSNk8sQ==",
			"requires": {
				"is-number": "^7.0.0"
			}
		},
		"wmr": {
			"version": "3.7.2",
			"resolved": "https://registry.npmjs.org/wmr/-/wmr-3.7.2.tgz",
			"integrity": "sha512-i+e/T8J067qP2pBgq6E2gaW9qMGK+D9eGue85YM0Vflc2UuzXBP3fSS5PzvyHEKuPHZWmcFBmZRs6DU9Lkr9og==",
			"dev": true,
			"requires": {
				"fsevents": "^2.1.3"
			}
		},
		"yazl": {
			"version": "2.5.1",
			"resolved": "https://registry.npmjs.org/yazl/-/yazl-2.5.1.tgz",
			"integrity": "sha512-phENi2PLiHnHb6QBVot+dJnaAZ0xosj7p3fWl+znIjBDlnMI2PsZCJZ306BPTFOaHf5qdDEI8x5qFrSOBN5vrw==",
			"requires": {
				"buffer-crc32": "~0.2.3"
			}
		}
	}
}
